{
  "name": "leds",
  "version": "1.0.0",
  "lockfileVersion": 1,
  "requires": true,
  "dependencies": {
    "@types/node": {
      "version": "10.17.20",
      "resolved": "https://registry.npmjs.org/@types/node/-/node-10.17.20.tgz",
      "integrity": "sha512-XgDgo6W10SeGEAM0k7FosJpvLCynOTYns4Xk3J5HGrA+UI/bKZ30PGMzOP5Lh2zs4259I71FSYLAtjnx3qhObw=="
    },
    "nan": {
      "version": "2.14.0",
      "resolved": "https://registry.npmjs.org/nan/-/nan-2.14.0.tgz",
      "integrity": "sha512-INOFj37C7k3AfaNTtX8RhsTw7qRy7eLET14cROi9+5HAVbbHuIWUHEauBv5qT4Av2tWasiTY1Jw6puUNqRJXQg=="
    },
    "rpi-ws281x": {
      "version": "1.0.33",
      "resolved": "https://registry.npmjs.org/rpi-ws281x/-/rpi-ws281x-1.0.33.tgz",
      "integrity": "sha512-rf1q9MnhS5KMMcid2qZBqPynLtIHVSWENZC5G0geqTWL1q0qEwQRd9JxPAWhNK/TYv+qhfRFIubP9s3nDGGJCw==",
      "requires": {
        "nan": "^2.14.0"
      }
    }
  }
}
